
Microsoft Visual Studio Solution File, Format Version 12.00
# Visual Studio Version 16
VisualStudioVersion = 16.0.30330.147
MinimumVisualStudioVersion = 10.0.40219.1
Project("{FAE04EC0-301F-11D3-BF4B-00C04F79EFBC}") = "Panoptico", "Panoptico\Panoptico.csproj", "{4CFAE77D-AA17-43AF-B161-9918717B498D}"
EndProject
Global
	GlobalSection(SolutionConfigurationPlatforms) = preSolution
		Debug|Any CPU = Debug|Any CPU
		Release|Any CPU = Release|Any CPU
	EndGlobalSection
	GlobalSection(ProjectConfigurationPlatforms) = postSolution
		{4CFAE77D-AA17-43AF-B161-9918717B498D}.Debug|Any CPU.ActiveCfg = Debug|Any CPU
		{4CFAE77D-AA17-43AF-B161-9918717B498D}.Debug|Any CPU.Build.0 = Debug|Any CPU
		{4CFAE77D-AA17-43AF-B161-9918717B498D}.Release|Any CPU.ActiveCfg = Release|Any CPU
		{4CFAE77D-AA17-43AF-B161-9918717B498D}.Release|Any CPU.Build.0 = Release|Any CPU
	EndGlobalSection
	GlobalSection(SolutionProperties) = preSolution
		HideSolutionNode = FALSE
	EndGlobalSection
	GlobalSection(ExtensibilityGlobals) = postSolution
		SolutionGuid = {C50593B2-FDDB-42DC-9FF8-CE9DFB41954A}
	EndGlobalSection
EndGlobal
